# THIS IS AN AUTOGENERATED FILE. DO NOT EDIT THIS FILE DIRECTLY.
# yarn lockfile v1


dotenv@^18.0.6:
  version "18.0.6"
  resolved "https://registry.yarnpkg.com/dotenv/-/dotenv-18.0.6.tgz#4be6fbb5dfad109aa10edc59c42e369bf4243ce8"
  integrity sha512-ZMVmohV6CvAJtj++pZNyggluUt6hbRdQAxc2+Z635RL6/AG/ruXv5lHnybUFoxMPL/yrTL/tsF4paZu2l7RA6Q==
